
Microsoft Visual Studio Solution File, Format Version 12.00
# Visual Studio Version 16
VisualStudioVersion = 16.0.29411.108
MinimumVisualStudioVersion = 10.0.40219.1
Project("{FAE04EC0-301F-11D3-BF4B-00C04F79EFBC}") = "Sudoku_Tim_Thomas", "Sudoku_Tim_Thomas\Sudoku_Tim_Thomas.csproj", "{1663A53B-A530-4B57-8178-8AA369D71368}"
EndProject
Global
	GlobalSection(SolutionConfigurationPlatforms) = preSolution
		Debug|Any CPU = Debug|Any CPU
		Release|Any CPU = Release|Any CPU
	EndGlobalSection
	GlobalSection(ProjectConfigurationPlatforms) = postSolution
		{1663A53B-A530-4B57-8178-8AA369D71368}.Debug|Any CPU.ActiveCfg = Debug|Any CPU
		{1663A53B-A530-4B57-8178-8AA369D71368}.Debug|Any CPU.Build.0 = Debug|Any CPU
		{1663A53B-A530-4B57-8178-8AA369D71368}.Release|Any CPU.ActiveCfg = Release|Any CPU
		{1663A53B-A530-4B57-8178-8AA369D71368}.Release|Any CPU.Build.0 = Release|Any CPU
	EndGlobalSection
	GlobalSection(SolutionProperties) = preSolution
		HideSolutionNode = FALSE
	EndGlobalSection
	GlobalSection(ExtensibilityGlobals) = postSolution
		SolutionGuid = {5CBAB09A-3999-4A16-B92C-C81C86D10392}
	EndGlobalSection
EndGlobal
